
Microsoft Visual Studio Solution File, Format Version 12.00
# Visual Studio Version 16
VisualStudioVersion = 16.0.31702.278
MinimumVisualStudioVersion = 10.0.40219.1
Project("{8BC9CEB8-8B4A-11D0-8D11-00A0C91BC942}") = "Dictionary", "Dictionary\Dictionary.vcxproj", "{45AD17A5-4A74-48A0-B74E-08097AA1DF72}"
EndProject
Global
	GlobalSection(SolutionConfigurationPlatforms) = preSolution
		Debug|x64 = Debug|x64
		Debug|x86 = Debug|x86
		Release|x64 = Release|x64
		Release|x86 = Release|x86
	EndGlobalSection
	GlobalSection(ProjectConfigurationPlatforms) = postSolution
		{45AD17A5-4A74-48A0-B74E-08097AA1DF72}.Debug|x64.ActiveCfg = Debug|x64
		{45AD17A5-4A74-48A0-B74E-08097AA1DF72}.Debug|x64.Build.0 = Debug|x64
		{45AD17A5-4A74-48A0-B74E-08097AA1DF72}.Debug|x86.ActiveCfg = Debug|Win32
		{45AD17A5-4A74-48A0-B74E-08097AA1DF72}.Debug|x86.Build.0 = Debug|Win32
		{45AD17A5-4A74-48A0-B74E-08097AA1DF72}.Release|x64.ActiveCfg = Release|x64
		{45AD17A5-4A74-48A0-B74E-08097AA1DF72}.Release|x64.Build.0 = Release|x64
		{45AD17A5-4A74-48A0-B74E-08097AA1DF72}.Release|x86.ActiveCfg = Release|Win32
		{45AD17A5-4A74-48A0-B74E-08097AA1DF72}.Release|x86.Build.0 = Release|Win32
	EndGlobalSection
	GlobalSection(SolutionProperties) = preSolution
		HideSolutionNode = FALSE
	EndGlobalSection
	GlobalSection(ExtensibilityGlobals) = postSolution
		SolutionGuid = {D0AB8DA8-5B12-4BCD-A661-4BA91020A3C2}
	EndGlobalSection
EndGlobal
