
Microsoft Visual Studio Solution File, Format Version 12.00
# Visual Studio Version 16
VisualStudioVersion = 16.0.31702.278
MinimumVisualStudioVersion = 10.0.40219.1
Project("{8BC9CEB8-8B4A-11D0-8D11-00A0C91BC942}") = "Quaternion", "Main\Main.vcxproj", "{F9089BE3-AA73-463B-9F9A-044AD152B33E}"
EndProject
Project("{8BC9CEB8-8B4A-11D0-8D11-00A0C91BC942}") = "UniversalSort", "UniversalSort\UniversalSort.vcxproj", "{0ABE28D8-C794-4AE9-B822-AB3EFD851F64}"
EndProject
Global
	GlobalSection(SolutionConfigurationPlatforms) = preSolution
		Debug|x64 = Debug|x64
		Debug|x86 = Debug|x86
		Release|x64 = Release|x64
		Release|x86 = Release|x86
	EndGlobalSection
	GlobalSection(ProjectConfigurationPlatforms) = postSolution
		{F9089BE3-AA73-463B-9F9A-044AD152B33E}.Debug|x64.ActiveCfg = Debug|x64
		{F9089BE3-AA73-463B-9F9A-044AD152B33E}.Debug|x64.Build.0 = Debug|x64
		{F9089BE3-AA73-463B-9F9A-044AD152B33E}.Debug|x86.ActiveCfg = Debug|Win32
		{F9089BE3-AA73-463B-9F9A-044AD152B33E}.Debug|x86.Build.0 = Debug|Win32
		{F9089BE3-AA73-463B-9F9A-044AD152B33E}.Release|x64.ActiveCfg = Release|x64
		{F9089BE3-AA73-463B-9F9A-044AD152B33E}.Release|x64.Build.0 = Release|x64
		{F9089BE3-AA73-463B-9F9A-044AD152B33E}.Release|x86.ActiveCfg = Release|Win32
		{F9089BE3-AA73-463B-9F9A-044AD152B33E}.Release|x86.Build.0 = Release|Win32
		{0ABE28D8-C794-4AE9-B822-AB3EFD851F64}.Debug|x64.ActiveCfg = Debug|x64
		{0ABE28D8-C794-4AE9-B822-AB3EFD851F64}.Debug|x64.Build.0 = Debug|x64
		{0ABE28D8-C794-4AE9-B822-AB3EFD851F64}.Debug|x86.ActiveCfg = Debug|Win32
		{0ABE28D8-C794-4AE9-B822-AB3EFD851F64}.Debug|x86.Build.0 = Debug|Win32
		{0ABE28D8-C794-4AE9-B822-AB3EFD851F64}.Release|x64.ActiveCfg = Release|x64
		{0ABE28D8-C794-4AE9-B822-AB3EFD851F64}.Release|x64.Build.0 = Release|x64
		{0ABE28D8-C794-4AE9-B822-AB3EFD851F64}.Release|x86.ActiveCfg = Release|Win32
		{0ABE28D8-C794-4AE9-B822-AB3EFD851F64}.Release|x86.Build.0 = Release|Win32
	EndGlobalSection
	GlobalSection(SolutionProperties) = preSolution
		HideSolutionNode = FALSE
	EndGlobalSection
	GlobalSection(ExtensibilityGlobals) = postSolution
		SolutionGuid = {6A6E5FC2-1963-4310-80AE-AD28A44AB6FD}
	EndGlobalSection
EndGlobal
